// !$*UTF8*$!
{
	archiveVersion = 1;
	classes = {
	};
	objectVersion = 51;
	objects = {

/* Begin PBXBuildFile section */
		0404D5F926B3C476008C42BC /* AppDelegate.swift in Sources */ = {isa = PBXBuildFile; fileRef = 0404D5F826B3C476008C42BC /* AppDelegate.swift */; };
		0404D5FB26B3C476008C42BC /* SceneDelegate.swift in Sources */ = {isa = PBXBuildFile; fileRef = 0404D5FA26B3C476008C42BC /* SceneDelegate.swift */; };
		0404D60026B3C476008C42BC /* Main.storyboard in Resources */ = {isa = PBXBuildFile; fileRef = 0404D5FE26B3C476008C42BC /* Main.storyboard */; };
		0404D60226B3C478008C42BC /* Assets.xcassets in Resources */ = {isa = PBXBuildFile; fileRef = 0404D60126B3C478008C42BC /* Assets.xcassets */; };
		0404D60526B3C478008C42BC /* LaunchScreen.storyboard in Resources */ = {isa = PBXBuildFile; fileRef = 0404D60326B3C478008C42BC /* LaunchScreen.storyboard */; };
		041480AF26BB8C3A00B74D88 /* CheckNicNameModel.swift in Sources */ = {isa = PBXBuildFile; fileRef = 041480AE26BB8C3A00B74D88 /* CheckNicNameModel.swift */; };
		042A80EF26BD28C7009BDCE8 /* StartViewController.swift in Sources */ = {isa = PBXBuildFile; fileRef = 042A80EE26BD28C7009BDCE8 /* StartViewController.swift */; };
		042A80F226BD33F8009BDCE8 /* CheckUserModel.swift in Sources */ = {isa = PBXBuildFile; fileRef = 042A80F126BD33F8009BDCE8 /* CheckUserModel.swift */; };
		04361D6726B90B75002EE7BE /* CheckLoginModel.swift in Sources */ = {isa = PBXBuildFile; fileRef = 04361D6626B90B75002EE7BE /* CheckLoginModel.swift */; };
		04361D6A26B91F89002EE7BE /* UserDBModel.swift in Sources */ = {isa = PBXBuildFile; fileRef = 04361D6926B91F89002EE7BE /* UserDBModel.swift */; };
		04361D6D26B92BD0002EE7BE /* MyPageViewController.swift in Sources */ = {isa = PBXBuildFile; fileRef = 04361D6C26B92BD0002EE7BE /* MyPageViewController.swift */; };
		049DCB6426C24DEF00013F0D /* Share.swift in Sources */ = {isa = PBXBuildFile; fileRef = 049DCB6326C24DEF00013F0D /* Share.swift */; };
		04CA166126B7E40400C7CEF9 /* LoginViewController.swift in Sources */ = {isa = PBXBuildFile; fileRef = 04CA166026B7E40400C7CEF9 /* LoginViewController.swift */; };
		04CA166526B829FF00C7CEF9 /* LoginInsertModel.swift in Sources */ = {isa = PBXBuildFile; fileRef = 04CA166426B829FF00C7CEF9 /* LoginInsertModel.swift */; };
		04CA166826B82C7700C7CEF9 /* LoginInsertViewController.swift in Sources */ = {isa = PBXBuildFile; fileRef = 04CA166726B82C7700C7CEF9 /* LoginInsertViewController.swift */; };
		1F9D145526BB939100F22C6D /* AddPetViewController.swift in Sources */ = {isa = PBXBuildFile; fileRef = 1F9D145426BB939100F22C6D /* AddPetViewController.swift */; };
		1F9D145926BC2C1300F22C6D /* CheckPetInfoModel.swift in Sources */ = {isa = PBXBuildFile; fileRef = 1F9D145826BC2C1300F22C6D /* CheckPetInfoModel.swift */; };
		1F9D145B26BC2F0200F22C6D /* PetDBModel.swift in Sources */ = {isa = PBXBuildFile; fileRef = 1F9D145A26BC2F0200F22C6D /* PetDBModel.swift */; };
		1F9D145D26BCDEAF00F22C6D /* MapViewController.swift in Sources */ = {isa = PBXBuildFile; fileRef = 1F9D145C26BCDEAF00F22C6D /* MapViewController.swift */; };
		1F9D145F26BCDEF800F22C6D /* MapQueryModel.swift in Sources */ = {isa = PBXBuildFile; fileRef = 1F9D145E26BCDEF800F22C6D /* MapQueryModel.swift */; };
		1F9D146126BCDF2E00F22C6D /* MapDBModel.swift in Sources */ = {isa = PBXBuildFile; fileRef = 1F9D146026BCDF2E00F22C6D /* MapDBModel.swift */; };
		1F9D146326BCE02800F22C6D /* MapDetailViewController.swift in Sources */ = {isa = PBXBuildFile; fileRef = 1F9D146226BCE02800F22C6D /* MapDetailViewController.swift */; };
		375CC7BA26BD65AB005ADF38 /* PetModifyModel.swift in Sources */ = {isa = PBXBuildFile; fileRef = 375CC7B926BD65AB005ADF38 /* PetModifyModel.swift */; };
		375CC7BC26BD65D6005ADF38 /* PetDeleteModel.swift in Sources */ = {isa = PBXBuildFile; fileRef = 375CC7BB26BD65D6005ADF38 /* PetDeleteModel.swift */; };
		375CC7BE26BD78E2005ADF38 /* ModifyPetViewController.swift in Sources */ = {isa = PBXBuildFile; fileRef = 375CC7BD26BD78E2005ADF38 /* ModifyPetViewController.swift */; };
		375CC7C026BD7B01005ADF38 /* MyPageCollectionViewCell.swift in Sources */ = {isa = PBXBuildFile; fileRef = 375CC7BF26BD7B01005ADF38 /* MyPageCollectionViewCell.swift */; };
		375CC7C226BFFFBA005ADF38 /* NewPetInsertModel.swift in Sources */ = {isa = PBXBuildFile; fileRef = 375CC7C126BFFFBA005ADF38 /* NewPetInsertModel.swift */; };
		803EBB2B26C3BF3300D5D350 /* Common.swift in Sources */ = {isa = PBXBuildFile; fileRef = 803EBB2826C3BF3300D5D350 /* Common.swift */; };
		803EBB2C26C3BF3300D5D350 /* LoginedUserInfo.swift in Sources */ = {isa = PBXBuildFile; fileRef = 803EBB2926C3BF3300D5D350 /* LoginedUserInfo.swift */; };
		803EBB3C26C3BF3B00D5D350 /* FeedViewContoroller.swift in Sources */ = {isa = PBXBuildFile; fileRef = 803EBB3026C3BF3B00D5D350 /* FeedViewContoroller.swift */; };
		803EBB3D26C3BF3B00D5D350 /* feddViewCell.swift in Sources */ = {isa = PBXBuildFile; fileRef = 803EBB3126C3BF3B00D5D350 /* feddViewCell.swift */; };
		803EBB3E26C3BF3B00D5D350 /* HashTagCollectionViewCell.swift in Sources */ = {isa = PBXBuildFile; fileRef = 803EBB3226C3BF3B00D5D350 /* HashTagCollectionViewCell.swift */; };
		803EBB3F26C3BF3B00D5D350 /* FeedSelectAllModel.swift in Sources */ = {isa = PBXBuildFile; fileRef = 803EBB3326C3BF3B00D5D350 /* FeedSelectAllModel.swift */; };
		803EBB4026C3BF3B00D5D350 /* FeedModel.swift in Sources */ = {isa = PBXBuildFile; fileRef = 803EBB3426C3BF3B00D5D350 /* FeedModel.swift */; };
		803EBB4126C3BF3B00D5D350 /* FeedImageSelectAllModel.swift in Sources */ = {isa = PBXBuildFile; fileRef = 803EBB3626C3BF3B00D5D350 /* FeedImageSelectAllModel.swift */; };
		803EBB4226C3BF3B00D5D350 /* FeedImageModel.swift in Sources */ = {isa = PBXBuildFile; fileRef = 803EBB3726C3BF3B00D5D350 /* FeedImageModel.swift */; };
		803EBB4326C3BF3B00D5D350 /* FeedAddCollectionViewCell.swift in Sources */ = {isa = PBXBuildFile; fileRef = 803EBB3926C3BF3B00D5D350 /* FeedAddCollectionViewCell.swift */; };
		803EBB4426C3BF3B00D5D350 /* FeedAddViewController.swift in Sources */ = {isa = PBXBuildFile; fileRef = 803EBB3A26C3BF3B00D5D350 /* FeedAddViewController.swift */; };
		803EBB4526C3BF3B00D5D350 /* FeedUploadModel.swift in Sources */ = {isa = PBXBuildFile; fileRef = 803EBB3B26C3BF3B00D5D350 /* FeedUploadModel.swift */; };
		803EBB4726C42ECC00D5D350 /* FeedWriterDataSelectModel.swift in Sources */ = {isa = PBXBuildFile; fileRef = 803EBB4626C42ECC00D5D350 /* FeedWriterDataSelectModel.swift */; };
		8053A24526C53A60007874F6 /* ViewController.swift in Sources */ = {isa = PBXBuildFile; fileRef = 8053A23B26C53A5F007874F6 /* ViewController.swift */; };
		8053A24626C53A60007874F6 /* AddViewController.swift in Sources */ = {isa = PBXBuildFile; fileRef = 8053A23C26C53A5F007874F6 /* AddViewController.swift */; };
		8053A24726C53A60007874F6 /* Extention.swift in Sources */ = {isa = PBXBuildFile; fileRef = 8053A23E26C53A5F007874F6 /* Extention.swift */; };
		8053A24826C53A60007874F6 /* DetailViewController.swift in Sources */ = {isa = PBXBuildFile; fileRef = 8053A23F26C53A5F007874F6 /* DetailViewController.swift */; };
		8053A24926C53A60007874F6 /* SQLite.swift in Sources */ = {isa = PBXBuildFile; fileRef = 8053A24126C53A5F007874F6 /* SQLite.swift */; };
		8053A24A26C53A60007874F6 /* ToDoModel.swift in Sources */ = {isa = PBXBuildFile; fileRef = 8053A24226C53A5F007874F6 /* ToDoModel.swift */; };
		8053A24B26C53A60007874F6 /* DateHandling.swift in Sources */ = {isa = PBXBuildFile; fileRef = 8053A24426C53A5F007874F6 /* DateHandling.swift */; };
		BD70E8B426C5D6DD000A182C /* CommentImageModel.swift in Sources */ = {isa = PBXBuildFile; fileRef = BD70E8B326C5D6DD000A182C /* CommentImageModel.swift */; };
		BD70E8B626C5D7FE000A182C /* CommentImageSelctModel.swift in Sources */ = {isa = PBXBuildFile; fileRef = BD70E8B526C5D7FE000A182C /* CommentImageSelctModel.swift */; };
		BD70E8B826C5E347000A182C /* commentSelectWriterImage.swift in Sources */ = {isa = PBXBuildFile; fileRef = BD70E8B726C5E347000A182C /* commentSelectWriterImage.swift */; };
		BDB3ED3E26C5AE590076D69E /* CommentTableViewCell.swift in Sources */ = {isa = PBXBuildFile; fileRef = BDB3ED3D26C5AE590076D69E /* CommentTableViewCell.swift */; };
		BDB3ED4026C5AE610076D69E /* CommentViewController.swift in Sources */ = {isa = PBXBuildFile; fileRef = BDB3ED3F26C5AE610076D69E /* CommentViewController.swift */; };
		BDB3ED4526C5AE6F0076D69E /* CommentSelectQueryModel.swift in Sources */ = {isa = PBXBuildFile; fileRef = BDB3ED4126C5AE6F0076D69E /* CommentSelectQueryModel.swift */; };
		BDB3ED4626C5AE6F0076D69E /* CommentDeleteModel.swift in Sources */ = {isa = PBXBuildFile; fileRef = BDB3ED4226C5AE6F0076D69E /* CommentDeleteModel.swift */; };
		BDB3ED4726C5AE6F0076D69E /* CommentInsertModel.swift in Sources */ = {isa = PBXBuildFile; fileRef = BDB3ED4326C5AE6F0076D69E /* CommentInsertModel.swift */; };
		BDB3ED4826C5AE6F0076D69E /* CommentDBModel.swift in Sources */ = {isa = PBXBuildFile; fileRef = BDB3ED4426C5AE6F0076D69E /* CommentDBModel.swift */; };
		CBB30A5948FFB29C21C3E3CB /* Pods_dogtor.framework in Frameworks */ = {isa = PBXBuildFile; fileRef = 44A1028439B1EA022398F4B1 /* Pods_dogtor.framework */; };
/* End PBXBuildFile section */

/* Begin PBXFileReference section */
		0404D5F526B3C476008C42BC /* dogtor.app */ = {isa = PBXFileReference; explicitFileType = wrapper.application; includeInIndex = 0; path = dogtor.app; sourceTree = BUILT_PRODUCTS_DIR; };
		0404D5F826B3C476008C42BC /* AppDelegate.swift */ = {isa = PBXFileReference; lastKnownFileType = sourcecode.swift; path = AppDelegate.swift; sourceTree = "<group>"; };
		0404D5FA26B3C476008C42BC /* SceneDelegate.swift */ = {isa = PBXFileReference; lastKnownFileType = sourcecode.swift; path = SceneDelegate.swift; sourceTree = "<group>"; };
		0404D5FF26B3C476008C42BC /* Base */ = {isa = PBXFileReference; lastKnownFileType = file.storyboard; name = Base; path = Base.lproj/Main.storyboard; sourceTree = "<group>"; };
		0404D60126B3C478008C42BC /* Assets.xcassets */ = {isa = PBXFileReference; lastKnownFileType = folder.assetcatalog; path = Assets.xcassets; sourceTree = "<group>"; };
		0404D60426B3C478008C42BC /* Base */ = {isa = PBXFileReference; lastKnownFileType = file.storyboard; name = Base; path = Base.lproj/LaunchScreen.storyboard; sourceTree = "<group>"; };
		0404D60626B3C478008C42BC /* Info.plist */ = {isa = PBXFileReference; lastKnownFileType = text.plist.xml; path = Info.plist; sourceTree = "<group>"; };
		041480AE26BB8C3A00B74D88 /* CheckNicNameModel.swift */ = {isa = PBXFileReference; lastKnownFileType = sourcecode.swift; path = CheckNicNameModel.swift; sourceTree = "<group>"; };
		042A80EE26BD28C7009BDCE8 /* StartViewController.swift */ = {isa = PBXFileReference; lastKnownFileType = sourcecode.swift; path = StartViewController.swift; sourceTree = "<group>"; };
		042A80F126BD33F8009BDCE8 /* CheckUserModel.swift */ = {isa = PBXFileReference; lastKnownFileType = sourcecode.swift; path = CheckUserModel.swift; sourceTree = "<group>"; };
		04361D6626B90B75002EE7BE /* CheckLoginModel.swift */ = {isa = PBXFileReference; lastKnownFileType = sourcecode.swift; path = CheckLoginModel.swift; sourceTree = "<group>"; };
		04361D6926B91F89002EE7BE /* UserDBModel.swift */ = {isa = PBXFileReference; lastKnownFileType = sourcecode.swift; path = UserDBModel.swift; sourceTree = "<group>"; };
		04361D6C26B92BD0002EE7BE /* MyPageViewController.swift */ = {isa = PBXFileReference; lastKnownFileType = sourcecode.swift; path = MyPageViewController.swift; sourceTree = "<group>"; };
		049DCB6326C24DEF00013F0D /* Share.swift */ = {isa = PBXFileReference; lastKnownFileType = sourcecode.swift; path = Share.swift; sourceTree = "<group>"; };
		04CA166026B7E40400C7CEF9 /* LoginViewController.swift */ = {isa = PBXFileReference; lastKnownFileType = sourcecode.swift; path = LoginViewController.swift; sourceTree = "<group>"; };
		04CA166426B829FF00C7CEF9 /* LoginInsertModel.swift */ = {isa = PBXFileReference; lastKnownFileType = sourcecode.swift; path = LoginInsertModel.swift; sourceTree = "<group>"; };
		04CA166726B82C7700C7CEF9 /* LoginInsertViewController.swift */ = {isa = PBXFileReference; lastKnownFileType = sourcecode.swift; path = LoginInsertViewController.swift; sourceTree = "<group>"; };
		1F9D145426BB939100F22C6D /* AddPetViewController.swift */ = {isa = PBXFileReference; lastKnownFileType = sourcecode.swift; path = AddPetViewController.swift; sourceTree = "<group>"; };
		1F9D145826BC2C1300F22C6D /* CheckPetInfoModel.swift */ = {isa = PBXFileReference; lastKnownFileType = sourcecode.swift; path = CheckPetInfoModel.swift; sourceTree = "<group>"; };
		1F9D145A26BC2F0200F22C6D /* PetDBModel.swift */ = {isa = PBXFileReference; lastKnownFileType = sourcecode.swift; path = PetDBModel.swift; sourceTree = "<group>"; };
		1F9D145C26BCDEAF00F22C6D /* MapViewController.swift */ = {isa = PBXFileReference; lastKnownFileType = sourcecode.swift; path = MapViewController.swift; sourceTree = "<group>"; };
		1F9D145E26BCDEF800F22C6D /* MapQueryModel.swift */ = {isa = PBXFileReference; lastKnownFileType = sourcecode.swift; path = MapQueryModel.swift; sourceTree = "<group>"; };
		1F9D146026BCDF2E00F22C6D /* MapDBModel.swift */ = {isa = PBXFileReference; lastKnownFileType = sourcecode.swift; path = MapDBModel.swift; sourceTree = "<group>"; };
		1F9D146226BCE02800F22C6D /* MapDetailViewController.swift */ = {isa = PBXFileReference; lastKnownFileType = sourcecode.swift; path = MapDetailViewController.swift; sourceTree = "<group>"; };
		375CC7B926BD65AB005ADF38 /* PetModifyModel.swift */ = {isa = PBXFileReference; lastKnownFileType = sourcecode.swift; path = PetModifyModel.swift; sourceTree = "<group>"; };
		375CC7BB26BD65D6005ADF38 /* PetDeleteModel.swift */ = {isa = PBXFileReference; lastKnownFileType = sourcecode.swift; path = PetDeleteModel.swift; sourceTree = "<group>"; };
		375CC7BD26BD78E2005ADF38 /* ModifyPetViewController.swift */ = {isa = PBXFileReference; lastKnownFileType = sourcecode.swift; path = ModifyPetViewController.swift; sourceTree = "<group>"; };
		375CC7BF26BD7B01005ADF38 /* MyPageCollectionViewCell.swift */ = {isa = PBXFileReference; lastKnownFileType = sourcecode.swift; path = MyPageCollectionViewCell.swift; sourceTree = "<group>"; };
		375CC7C126BFFFBA005ADF38 /* NewPetInsertModel.swift */ = {isa = PBXFileReference; lastKnownFileType = sourcecode.swift; path = NewPetInsertModel.swift; sourceTree = "<group>"; };
		44A1028439B1EA022398F4B1 /* Pods_dogtor.framework */ = {isa = PBXFileReference; explicitFileType = wrapper.framework; includeInIndex = 0; path = Pods_dogtor.framework; sourceTree = BUILT_PRODUCTS_DIR; };
		4A50C1AF3CC303A38EC2407E /* Pods-dogtor.debug.xcconfig */ = {isa = PBXFileReference; includeInIndex = 1; lastKnownFileType = text.xcconfig; name = "Pods-dogtor.debug.xcconfig"; path = "Target Support Files/Pods-dogtor/Pods-dogtor.debug.xcconfig"; sourceTree = "<group>"; };
		803EBB2826C3BF3300D5D350 /* Common.swift */ = {isa = PBXFileReference; fileEncoding = 4; lastKnownFileType = sourcecode.swift; path = Common.swift; sourceTree = "<group>"; };
		803EBB2926C3BF3300D5D350 /* LoginedUserInfo.swift */ = {isa = PBXFileReference; fileEncoding = 4; lastKnownFileType = sourcecode.swift; path = LoginedUserInfo.swift; sourceTree = "<group>"; };
		803EBB3026C3BF3B00D5D350 /* FeedViewContoroller.swift */ = {isa = PBXFileReference; fileEncoding = 4; lastKnownFileType = sourcecode.swift; path = FeedViewContoroller.swift; sourceTree = "<group>"; };
		803EBB3126C3BF3B00D5D350 /* feddViewCell.swift */ = {isa = PBXFileReference; fileEncoding = 4; lastKnownFileType = sourcecode.swift; path = feddViewCell.swift; sourceTree = "<group>"; };
		803EBB3226C3BF3B00D5D350 /* HashTagCollectionViewCell.swift */ = {isa = PBXFileReference; fileEncoding = 4; lastKnownFileType = sourcecode.swift; path = HashTagCollectionViewCell.swift; sourceTree = "<group>"; };
		803EBB3326C3BF3B00D5D350 /* FeedSelectAllModel.swift */ = {isa = PBXFileReference; fileEncoding = 4; lastKnownFileType = sourcecode.swift; path = FeedSelectAllModel.swift; sourceTree = "<group>"; };
		803EBB3426C3BF3B00D5D350 /* FeedModel.swift */ = {isa = PBXFileReference; fileEncoding = 4; lastKnownFileType = sourcecode.swift; path = FeedModel.swift; sourceTree = "<group>"; };
		803EBB3626C3BF3B00D5D350 /* FeedImageSelectAllModel.swift */ = {isa = PBXFileReference; fileEncoding = 4; lastKnownFileType = sourcecode.swift; path = FeedImageSelectAllModel.swift; sourceTree = "<group>"; };
		803EBB3726C3BF3B00D5D350 /* FeedImageModel.swift */ = {isa = PBXFileReference; fileEncoding = 4; lastKnownFileType = sourcecode.swift; path = FeedImageModel.swift; sourceTree = "<group>"; };
		803EBB3926C3BF3B00D5D350 /* FeedAddCollectionViewCell.swift */ = {isa = PBXFileReference; fileEncoding = 4; lastKnownFileType = sourcecode.swift; path = FeedAddCollectionViewCell.swift; sourceTree = "<group>"; };
		803EBB3A26C3BF3B00D5D350 /* FeedAddViewController.swift */ = {isa = PBXFileReference; fileEncoding = 4; lastKnownFileType = sourcecode.swift; path = FeedAddViewController.swift; sourceTree = "<group>"; };
		803EBB3B26C3BF3B00D5D350 /* FeedUploadModel.swift */ = {isa = PBXFileReference; fileEncoding = 4; lastKnownFileType = sourcecode.swift; path = FeedUploadModel.swift; sourceTree = "<group>"; };
		803EBB4626C42ECC00D5D350 /* FeedWriterDataSelectModel.swift */ = {isa = PBXFileReference; lastKnownFileType = sourcecode.swift; path = FeedWriterDataSelectModel.swift; sourceTree = "<group>"; };
		8053A23B26C53A5F007874F6 /* ViewController.swift */ = {isa = PBXFileReference; fileEncoding = 4; lastKnownFileType = sourcecode.swift; path = ViewController.swift; sourceTree = "<group>"; };
		8053A23C26C53A5F007874F6 /* AddViewController.swift */ = {isa = PBXFileReference; fileEncoding = 4; lastKnownFileType = sourcecode.swift; path = AddViewController.swift; sourceTree = "<group>"; };
		8053A23E26C53A5F007874F6 /* Extention.swift */ = {isa = PBXFileReference; fileEncoding = 4; lastKnownFileType = sourcecode.swift; path = Extention.swift; sourceTree = "<group>"; };
		8053A23F26C53A5F007874F6 /* DetailViewController.swift */ = {isa = PBXFileReference; fileEncoding = 4; lastKnownFileType = sourcecode.swift; path = DetailViewController.swift; sourceTree = "<group>"; };
		8053A24126C53A5F007874F6 /* SQLite.swift */ = {isa = PBXFileReference; fileEncoding = 4; lastKnownFileType = sourcecode.swift; path = SQLite.swift; sourceTree = "<group>"; };
		8053A24226C53A5F007874F6 /* ToDoModel.swift */ = {isa = PBXFileReference; fileEncoding = 4; lastKnownFileType = sourcecode.swift; path = ToDoModel.swift; sourceTree = "<group>"; };
		8053A24426C53A5F007874F6 /* DateHandling.swift */ = {isa = PBXFileReference; fileEncoding = 4; lastKnownFileType = sourcecode.swift; path = DateHandling.swift; sourceTree = "<group>"; };
		BD70E8B326C5D6DD000A182C /* CommentImageModel.swift */ = {isa = PBXFileReference; lastKnownFileType = sourcecode.swift; path = CommentImageModel.swift; sourceTree = "<group>"; };
		BD70E8B526C5D7FE000A182C /* CommentImageSelctModel.swift */ = {isa = PBXFileReference; lastKnownFileType = sourcecode.swift; path = CommentImageSelctModel.swift; sourceTree = "<group>"; };
		BD70E8B726C5E347000A182C /* commentSelectWriterImage.swift */ = {isa = PBXFileReference; lastKnownFileType = sourcecode.swift; path = commentSelectWriterImage.swift; sourceTree = "<group>"; };
		BDB3ED3D26C5AE590076D69E /* CommentTableViewCell.swift */ = {isa = PBXFileReference; fileEncoding = 4; lastKnownFileType = sourcecode.swift; path = CommentTableViewCell.swift; sourceTree = "<group>"; };
		BDB3ED3F26C5AE610076D69E /* CommentViewController.swift */ = {isa = PBXFileReference; fileEncoding = 4; lastKnownFileType = sourcecode.swift; path = CommentViewController.swift; sourceTree = "<group>"; };
		BDB3ED4126C5AE6F0076D69E /* CommentSelectQueryModel.swift */ = {isa = PBXFileReference; fileEncoding = 4; lastKnownFileType = sourcecode.swift; path = CommentSelectQueryModel.swift; sourceTree = "<group>"; };
		BDB3ED4226C5AE6F0076D69E /* CommentDeleteModel.swift */ = {isa = PBXFileReference; fileEncoding = 4; lastKnownFileType = sourcecode.swift; path = CommentDeleteModel.swift; sourceTree = "<group>"; };
		BDB3ED4326C5AE6F0076D69E /* CommentInsertModel.swift */ = {isa = PBXFileReference; fileEncoding = 4; lastKnownFileType = sourcecode.swift; path = CommentInsertModel.swift; sourceTree = "<group>"; };
		BDB3ED4426C5AE6F0076D69E /* CommentDBModel.swift */ = {isa = PBXFileReference; fileEncoding = 4; lastKnownFileType = sourcecode.swift; path = CommentDBModel.swift; sourceTree = "<group>"; };
		DCFA21E69F4424F0A7DB38E6 /* Pods-dogtor.release.xcconfig */ = {isa = PBXFileReference; includeInIndex = 1; lastKnownFileType = text.xcconfig; name = "Pods-dogtor.release.xcconfig"; path = "Target Support Files/Pods-dogtor/Pods-dogtor.release.xcconfig"; sourceTree = "<group>"; };
/* End PBXFileReference section */

/* Begin PBXFrameworksBuildPhase section */
		0404D5F226B3C476008C42BC /* Frameworks */ = {
			isa = PBXFrameworksBuildPhase;
			buildActionMask = 2147483647;
			files = (
				CBB30A5948FFB29C21C3E3CB /* Pods_dogtor.framework in Frameworks */,
			);
			runOnlyForDeploymentPostprocessing = 0;
		};
/* End PBXFrameworksBuildPhase section */

/* Begin PBXGroup section */
		0404D5EC26B3C476008C42BC = {
			isa = PBXGroup;
			children = (
				0404D5F726B3C476008C42BC /* dogtor */,
				0404D5F626B3C476008C42BC /* Products */,
				F8E37A1A6B94A434AB822657 /* Pods */,
				5939B579EF5304F58DFCF640 /* Frameworks */,
			);
			sourceTree = "<group>";
		};
		0404D5F626B3C476008C42BC /* Products */ = {
			isa = PBXGroup;
			children = (
				0404D5F526B3C476008C42BC /* dogtor.app */,
			);
			name = Products;
			sourceTree = "<group>";
		};
		0404D5F726B3C476008C42BC /* dogtor */ = {
			isa = PBXGroup;
			children = (
				BDB3ED3926C5ADA40076D69E /* Comment */,
				8053A23A26C53A5F007874F6 /* StandardVersion */,
				803EBB2726C3BF3300D5D350 /* Common */,
				049DCB6726C24E2D00013F0D /* Cell */,
				803EBB2E26C3BF3B00D5D350 /* Feed */,
				049DCB6226C24DE500013F0D /* Share */,
				049DCB6126C24DCB00013F0D /* Model */,
				049DCB6026C24D9400013F0D /* ViewController */,
				0404D5F826B3C476008C42BC /* AppDelegate.swift */,
				0404D5FA26B3C476008C42BC /* SceneDelegate.swift */,
				0404D5FE26B3C476008C42BC /* Main.storyboard */,
				0404D60126B3C478008C42BC /* Assets.xcassets */,
				0404D60326B3C478008C42BC /* LaunchScreen.storyboard */,
				0404D60626B3C478008C42BC /* Info.plist */,
			);
			path = dogtor;
			sourceTree = "<group>";
		};
		049DCB6026C24D9400013F0D /* ViewController */ = {
			isa = PBXGroup;
			children = (
				04CA166026B7E40400C7CEF9 /* LoginViewController.swift */,
				04CA166726B82C7700C7CEF9 /* LoginInsertViewController.swift */,
				04361D6C26B92BD0002EE7BE /* MyPageViewController.swift */,
				1F9D145426BB939100F22C6D /* AddPetViewController.swift */,
				1F9D145C26BCDEAF00F22C6D /* MapViewController.swift */,
				1F9D146226BCE02800F22C6D /* MapDetailViewController.swift */,
				042A80EE26BD28C7009BDCE8 /* StartViewController.swift */,
				375CC7BD26BD78E2005ADF38 /* ModifyPetViewController.swift */,
			);
			path = ViewController;
			sourceTree = "<group>";
		};
		049DCB6126C24DCB00013F0D /* Model */ = {
			isa = PBXGroup;
			children = (
				04CA166426B829FF00C7CEF9 /* LoginInsertModel.swift */,
				04361D6626B90B75002EE7BE /* CheckLoginModel.swift */,
				04361D6926B91F89002EE7BE /* UserDBModel.swift */,
				041480AE26BB8C3A00B74D88 /* CheckNicNameModel.swift */,
				1F9D145826BC2C1300F22C6D /* CheckPetInfoModel.swift */,
				1F9D145A26BC2F0200F22C6D /* PetDBModel.swift */,
				1F9D145E26BCDEF800F22C6D /* MapQueryModel.swift */,
				1F9D146026BCDF2E00F22C6D /* MapDBModel.swift */,
				042A80F126BD33F8009BDCE8 /* CheckUserModel.swift */,
				375CC7B926BD65AB005ADF38 /* PetModifyModel.swift */,
				375CC7BB26BD65D6005ADF38 /* PetDeleteModel.swift */,
				375CC7C126BFFFBA005ADF38 /* NewPetInsertModel.swift */,
			);
			path = Model;
			sourceTree = "<group>";
		};
		049DCB6226C24DE500013F0D /* Share */ = {
			isa = PBXGroup;
			children = (
				049DCB6326C24DEF00013F0D /* Share.swift */,
			);
			path = Share;
			sourceTree = "<group>";
		};
		049DCB6726C24E2D00013F0D /* Cell */ = {
			isa = PBXGroup;
			children = (
				375CC7BF26BD7B01005ADF38 /* MyPageCollectionViewCell.swift */,
			);
			path = Cell;
			sourceTree = "<group>";
		};
		5939B579EF5304F58DFCF640 /* Frameworks */ = {
			isa = PBXGroup;
			children = (
				44A1028439B1EA022398F4B1 /* Pods_dogtor.framework */,
			);
			name = Frameworks;
			sourceTree = "<group>";
		};
		803EBB2726C3BF3300D5D350 /* Common */ = {
			isa = PBXGroup;
			children = (
				803EBB2826C3BF3300D5D350 /* Common.swift */,
				803EBB2926C3BF3300D5D350 /* LoginedUserInfo.swift */,
			);
			path = Common;
			sourceTree = "<group>";
		};
		803EBB2E26C3BF3B00D5D350 /* Feed */ = {
			isa = PBXGroup;
			children = (
				803EBB2F26C3BF3B00D5D350 /* FeedSelect */,
				803EBB3526C3BF3B00D5D350 /* FeedImage */,
				803EBB3826C3BF3B00D5D350 /* FeedInsert */,
			);
			name = Feed;
			path = dogtor/Feed;
			sourceTree = SOURCE_ROOT;
		};
		803EBB2F26C3BF3B00D5D350 /* FeedSelect */ = {
			isa = PBXGroup;
			children = (
				803EBB3026C3BF3B00D5D350 /* FeedViewContoroller.swift */,
				803EBB3126C3BF3B00D5D350 /* feddViewCell.swift */,
				803EBB3226C3BF3B00D5D350 /* HashTagCollectionViewCell.swift */,
				803EBB3326C3BF3B00D5D350 /* FeedSelectAllModel.swift */,
				803EBB3426C3BF3B00D5D350 /* FeedModel.swift */,
				803EBB4626C42ECC00D5D350 /* FeedWriterDataSelectModel.swift */,
			);
			path = FeedSelect;
			sourceTree = "<group>";
		};
		803EBB3526C3BF3B00D5D350 /* FeedImage */ = {
			isa = PBXGroup;
			children = (
				803EBB3626C3BF3B00D5D350 /* FeedImageSelectAllModel.swift */,
				803EBB3726C3BF3B00D5D350 /* FeedImageModel.swift */,
			);
			path = FeedImage;
			sourceTree = "<group>";
		};
		803EBB3826C3BF3B00D5D350 /* FeedInsert */ = {
			isa = PBXGroup;
			children = (
				803EBB3926C3BF3B00D5D350 /* FeedAddCollectionViewCell.swift */,
				803EBB3A26C3BF3B00D5D350 /* FeedAddViewController.swift */,
				803EBB3B26C3BF3B00D5D350 /* FeedUploadModel.swift */,
			);
			path = FeedInsert;
			sourceTree = "<group>";
		};
		8053A23A26C53A5F007874F6 /* StandardVersion */ = {
			isa = PBXGroup;
			children = (
				8053A23B26C53A5F007874F6 /* ViewController.swift */,
				8053A23C26C53A5F007874F6 /* AddViewController.swift */,
				8053A23D26C53A5F007874F6 /* UIView */,
				8053A23F26C53A5F007874F6 /* DetailViewController.swift */,
				8053A24026C53A5F007874F6 /* SQLite */,
				8053A24326C53A5F007874F6 /* Utility */,
			);
			path = StandardVersion;
			sourceTree = "<group>";
		};
		8053A23D26C53A5F007874F6 /* UIView */ = {
			isa = PBXGroup;
			children = (
				8053A23E26C53A5F007874F6 /* Extention.swift */,
			);
			path = UIView;
			sourceTree = "<group>";
		};
		8053A24026C53A5F007874F6 /* SQLite */ = {
			isa = PBXGroup;
			children = (
				8053A24126C53A5F007874F6 /* SQLite.swift */,
				8053A24226C53A5F007874F6 /* ToDoModel.swift */,
			);
			path = SQLite;
			sourceTree = "<group>";
		};
		8053A24326C53A5F007874F6 /* Utility */ = {
			isa = PBXGroup;
			children = (
				8053A24426C53A5F007874F6 /* DateHandling.swift */,
			);
			path = Utility;
			sourceTree = "<group>";
		};
		BD70E8B226C5D6A7000A182C /* Image */ = {
			isa = PBXGroup;
			children = (
				BD70E8B326C5D6DD000A182C /* CommentImageModel.swift */,
				BD70E8B526C5D7FE000A182C /* CommentImageSelctModel.swift */,
			);
			path = Image;
			sourceTree = "<group>";
		};
		BDB3ED3926C5ADA40076D69E /* Comment */ = {
			isa = PBXGroup;
			children = (
				BD70E8B226C5D6A7000A182C /* Image */,
				BDB3ED3C26C5AE310076D69E /* Controller */,
				BDB3ED3B26C5AE2C0076D69E /* Model */,
				BDB3ED3A26C5AE260076D69E /* Cell */,
			);
			path = Comment;
			sourceTree = "<group>";
		};
		BDB3ED3A26C5AE260076D69E /* Cell */ = {
			isa = PBXGroup;
			children = (
				BDB3ED3D26C5AE590076D69E /* CommentTableViewCell.swift */,
			);
			path = Cell;
			sourceTree = "<group>";
		};
		BDB3ED3B26C5AE2C0076D69E /* Model */ = {
			isa = PBXGroup;
			children = (
				BDB3ED4426C5AE6F0076D69E /* CommentDBModel.swift */,
				BDB3ED4226C5AE6F0076D69E /* CommentDeleteModel.swift */,
				BDB3ED4326C5AE6F0076D69E /* CommentInsertModel.swift */,
				BDB3ED4126C5AE6F0076D69E /* CommentSelectQueryModel.swift */,
				BD70E8B726C5E347000A182C /* commentSelectWriterImage.swift */,
			);
			path = Model;
			sourceTree = "<group>";
		};
		BDB3ED3C26C5AE310076D69E /* Controller */ = {
			isa = PBXGroup;
			children = (
				BDB3ED3F26C5AE610076D69E /* CommentViewController.swift */,
			);
			path = Controller;
			sourceTree = "<group>";
		};
		F8E37A1A6B94A434AB822657 /* Pods */ = {
			isa = PBXGroup;
			children = (
				4A50C1AF3CC303A38EC2407E /* Pods-dogtor.debug.xcconfig */,
				DCFA21E69F4424F0A7DB38E6 /* Pods-dogtor.release.xcconfig */,
			);
			path = Pods;
			sourceTree = "<group>";
		};
/* End PBXGroup section */

/* Begin PBXNativeTarget section */
		0404D5F426B3C476008C42BC /* dogtor */ = {
			isa = PBXNativeTarget;
			buildConfigurationList = 0404D60926B3C478008C42BC /* Build configuration list for PBXNativeTarget "dogtor" */;
			buildPhases = (
				F19C2ACECA563B97C5FBC10A /* [CP] Check Pods Manifest.lock */,
				0404D5F126B3C476008C42BC /* Sources */,
				0404D5F226B3C476008C42BC /* Frameworks */,
				0404D5F326B3C476008C42BC /* Resources */,
				84C85143EA47D642A6678BB5 /* [CP] Embed Pods Frameworks */,
			);
			buildRules = (
			);
			dependencies = (
			);
			name = dogtor;
			productName = dogtor;
			productReference = 0404D5F526B3C476008C42BC /* dogtor.app */;
			productType = "com.apple.product-type.application";
		};
/* End PBXNativeTarget section */

/* Begin PBXProject section */
		0404D5ED26B3C476008C42BC /* Project object */ = {
			isa = PBXProject;
			attributes = {
				LastSwiftUpdateCheck = 1240;
				LastUpgradeCheck = 1240;
				TargetAttributes = {
					0404D5F426B3C476008C42BC = {
						CreatedOnToolsVersion = 12.4;
					};
				};
			};
			buildConfigurationList = 0404D5F026B3C476008C42BC /* Build configuration list for PBXProject "dogtor" */;
			compatibilityVersion = "Xcode 9.3";
			developmentRegion = en;
			hasScannedForEncodings = 0;
			knownRegions = (
				en,
				Base,
			);
			mainGroup = 0404D5EC26B3C476008C42BC;
			productRefGroup = 0404D5F626B3C476008C42BC /* Products */;
			projectDirPath = "";
			projectRoot = "";
			targets = (
				0404D5F426B3C476008C42BC /* dogtor */,
			);
		};
/* End PBXProject section */

/* Begin PBXResourcesBuildPhase section */
		0404D5F326B3C476008C42BC /* Resources */ = {
			isa = PBXResourcesBuildPhase;
			buildActionMask = 2147483647;
			files = (
				0404D60526B3C478008C42BC /* LaunchScreen.storyboard in Resources */,
				0404D60226B3C478008C42BC /* Assets.xcassets in Resources */,
				0404D60026B3C476008C42BC /* Main.storyboard in Resources */,
			);
			runOnlyForDeploymentPostprocessing = 0;
		};
/* End PBXResourcesBuildPhase section */

/* Begin PBXShellScriptBuildPhase section */
		84C85143EA47D642A6678BB5 /* [CP] Embed Pods Frameworks */ = {
			isa = PBXShellScriptBuildPhase;
			buildActionMask = 2147483647;
			files = (
			);
			inputFileListPaths = (
				"${PODS_ROOT}/Target Support Files/Pods-dogtor/Pods-dogtor-frameworks-${CONFIGURATION}-input-files.xcfilelist",
			);
			name = "[CP] Embed Pods Frameworks";
			outputFileListPaths = (
				"${PODS_ROOT}/Target Support Files/Pods-dogtor/Pods-dogtor-frameworks-${CONFIGURATION}-output-files.xcfilelist",
			);
			runOnlyForDeploymentPostprocessing = 0;
			shellPath = /bin/sh;
			shellScript = "\"${PODS_ROOT}/Target Support Files/Pods-dogtor/Pods-dogtor-frameworks.sh\"\n";
			showEnvVarsInLog = 0;
		};
		F19C2ACECA563B97C5FBC10A /* [CP] Check Pods Manifest.lock */ = {
			isa = PBXShellScriptBuildPhase;
			buildActionMask = 2147483647;
			files = (
			);
			inputFileListPaths = (
			);
			inputPaths = (
				"${PODS_PODFILE_DIR_PATH}/Podfile.lock",
				"${PODS_ROOT}/Manifest.lock",
			);
			name = "[CP] Check Pods Manifest.lock";
			outputFileListPaths = (
			);
			outputPaths = (
				"$(DERIVED_FILE_DIR)/Pods-dogtor-checkManifestLockResult.txt",
			);
			runOnlyForDeploymentPostprocessing = 0;
			shellPath = /bin/sh;
			shellScript = "diff \"${PODS_PODFILE_DIR_PATH}/Podfile.lock\" \"${PODS_ROOT}/Manifest.lock\" > /dev/null\nif [ $? != 0 ] ; then\n    # print error to STDERR\n    echo \"error: The sandbox is not in sync with the Podfile.lock. Run 'pod install' or update your CocoaPods installation.\" >&2\n    exit 1\nfi\n# This output is used by Xcode 'outputs' to avoid re-running this script phase.\necho \"SUCCESS\" > \"${SCRIPT_OUTPUT_FILE_0}\"\n";
			showEnvVarsInLog = 0;
		};
/* End PBXShellScriptBuildPhase section */

/* Begin PBXSourcesBuildPhase section */
		0404D5F126B3C476008C42BC /* Sources */ = {
			isa = PBXSourcesBuildPhase;
			buildActionMask = 2147483647;
			files = (
				375CC7BC26BD65D6005ADF38 /* PetDeleteModel.swift in Sources */,
				04CA166126B7E40400C7CEF9 /* LoginViewController.swift in Sources */,
				803EBB4426C3BF3B00D5D350 /* FeedAddViewController.swift in Sources */,
				8053A24926C53A60007874F6 /* SQLite.swift in Sources */,
				803EBB2B26C3BF3300D5D350 /* Common.swift in Sources */,
				BDB3ED4726C5AE6F0076D69E /* CommentInsertModel.swift in Sources */,
				1F9D145526BB939100F22C6D /* AddPetViewController.swift in Sources */,
				1F9D146126BCDF2E00F22C6D /* MapDBModel.swift in Sources */,
				803EBB3E26C3BF3B00D5D350 /* HashTagCollectionViewCell.swift in Sources */,
				BD70E8B626C5D7FE000A182C /* CommentImageSelctModel.swift in Sources */,
				04361D6D26B92BD0002EE7BE /* MyPageViewController.swift in Sources */,
				803EBB4226C3BF3B00D5D350 /* FeedImageModel.swift in Sources */,
				BDB3ED4626C5AE6F0076D69E /* CommentDeleteModel.swift in Sources */,
				049DCB6426C24DEF00013F0D /* Share.swift in Sources */,
				8053A24626C53A60007874F6 /* AddViewController.swift in Sources */,
				375CC7BA26BD65AB005ADF38 /* PetModifyModel.swift in Sources */,
				803EBB4026C3BF3B00D5D350 /* FeedModel.swift in Sources */,
				803EBB4726C42ECC00D5D350 /* FeedWriterDataSelectModel.swift in Sources */,
				1F9D145F26BCDEF800F22C6D /* MapQueryModel.swift in Sources */,
				375CC7C026BD7B01005ADF38 /* MyPageCollectionViewCell.swift in Sources */,
				04361D6726B90B75002EE7BE /* CheckLoginModel.swift in Sources */,
				04361D6A26B91F89002EE7BE /* UserDBModel.swift in Sources */,
				1F9D145926BC2C1300F22C6D /* CheckPetInfoModel.swift in Sources */,
				375CC7C226BFFFBA005ADF38 /* NewPetInsertModel.swift in Sources */,
				803EBB3F26C3BF3B00D5D350 /* FeedSelectAllModel.swift in Sources */,
				BDB3ED4026C5AE610076D69E /* CommentViewController.swift in Sources */,
				BDB3ED3E26C5AE590076D69E /* CommentTableViewCell.swift in Sources */,
				8053A24526C53A60007874F6 /* ViewController.swift in Sources */,
				BDB3ED4826C5AE6F0076D69E /* CommentDBModel.swift in Sources */,
				0404D5F926B3C476008C42BC /* AppDelegate.swift in Sources */,
				BD70E8B426C5D6DD000A182C /* CommentImageModel.swift in Sources */,
				8053A24A26C53A60007874F6 /* ToDoModel.swift in Sources */,
				803EBB3D26C3BF3B00D5D350 /* feddViewCell.swift in Sources */,
				803EBB4326C3BF3B00D5D350 /* FeedAddCollectionViewCell.swift in Sources */,
				04CA166826B82C7700C7CEF9 /* LoginInsertViewController.swift in Sources */,
				8053A24826C53A60007874F6 /* DetailViewController.swift in Sources */,
				0404D5FB26B3C476008C42BC /* SceneDelegate.swift in Sources */,
				803EBB2C26C3BF3300D5D350 /* LoginedUserInfo.swift in Sources */,
				BDB3ED4526C5AE6F0076D69E /* CommentSelectQueryModel.swift in Sources */,
				042A80F226BD33F8009BDCE8 /* CheckUserModel.swift in Sources */,
				803EBB4126C3BF3B00D5D350 /* FeedImageSelectAllModel.swift in Sources */,
				8053A24B26C53A60007874F6 /* DateHandling.swift in Sources */,
				375CC7BE26BD78E2005ADF38 /* ModifyPetViewController.swift in Sources */,
				BD70E8B826C5E347000A182C /* commentSelectWriterImage.swift in Sources */,
				803EBB4526C3BF3B00D5D350 /* FeedUploadModel.swift in Sources */,
				041480AF26BB8C3A00B74D88 /* CheckNicNameModel.swift in Sources */,
				042A80EF26BD28C7009BDCE8 /* StartViewController.swift in Sources */,
				8053A24726C53A60007874F6 /* Extention.swift in Sources */,
				1F9D146326BCE02800F22C6D /* MapDetailViewController.swift in Sources */,
				04CA166526B829FF00C7CEF9 /* LoginInsertModel.swift in Sources */,
				1F9D145D26BCDEAF00F22C6D /* MapViewController.swift in Sources */,
				803EBB3C26C3BF3B00D5D350 /* FeedViewContoroller.swift in Sources */,
				1F9D145B26BC2F0200F22C6D /* PetDBModel.swift in Sources */,
			);
			runOnlyForDeploymentPostprocessing = 0;
		};
/* End PBXSourcesBuildPhase section */

/* Begin PBXVariantGroup section */
		0404D5FE26B3C476008C42BC /* Main.storyboard */ = {
			isa = PBXVariantGroup;
			children = (
				0404D5FF26B3C476008C42BC /* Base */,
			);
			name = Main.storyboard;
			sourceTree = "<group>";
		};
		0404D60326B3C478008C42BC /* LaunchScreen.storyboard */ = {
			isa = PBXVariantGroup;
			children = (
				0404D60426B3C478008C42BC /* Base */,
			);
			name = LaunchScreen.storyboard;
			sourceTree = "<group>";
		};
/* End PBXVariantGroup section */

/* Begin XCBuildConfiguration section */
		0404D60726B3C478008C42BC /* Debug */ = {
			isa = XCBuildConfiguration;
			buildSettings = {
				ALWAYS_SEARCH_USER_PATHS = NO;
				CLANG_ANALYZER_NONNULL = YES;
				CLANG_ANALYZER_NUMBER_OBJECT_CONVERSION = YES_AGGRESSIVE;
				CLANG_CXX_LANGUAGE_STANDARD = "gnu++14";
				CLANG_CXX_LIBRARY = "libc++";
				CLANG_ENABLE_MODULES = YES;
				CLANG_ENABLE_OBJC_ARC = YES;
				CLANG_ENABLE_OBJC_WEAK = YES;
				CLANG_WARN_BLOCK_CAPTURE_AUTORELEASING = YES;
				CLANG_WARN_BOOL_CONVERSION = YES;
				CLANG_WARN_COMMA = YES;
				CLANG_WARN_CONSTANT_CONVERSION = YES;
				CLANG_WARN_DEPRECATED_OBJC_IMPLEMENTATIONS = YES;
				CLANG_WARN_DIRECT_OBJC_ISA_USAGE = YES_ERROR;
				CLANG_WARN_DOCUMENTATION_COMMENTS = YES;
				CLANG_WARN_EMPTY_BODY = YES;
				CLANG_WARN_ENUM_CONVERSION = YES;
				CLANG_WARN_INFINITE_RECURSION = YES;
				CLANG_WARN_INT_CONVERSION = YES;
				CLANG_WARN_NON_LITERAL_NULL_CONVERSION = YES;
				CLANG_WARN_OBJC_IMPLICIT_RETAIN_SELF = YES;
				CLANG_WARN_OBJC_LITERAL_CONVERSION = YES;
				CLANG_WARN_OBJC_ROOT_CLASS = YES_ERROR;
				CLANG_WARN_QUOTED_INCLUDE_IN_FRAMEWORK_HEADER = YES;
				CLANG_WARN_RANGE_LOOP_ANALYSIS = YES;
				CLANG_WARN_STRICT_PROTOTYPES = YES;
				CLANG_WARN_SUSPICIOUS_MOVE = YES;
				CLANG_WARN_UNGUARDED_AVAILABILITY = YES_AGGRESSIVE;
				CLANG_WARN_UNREACHABLE_CODE = YES;
				CLANG_WARN__DUPLICATE_METHOD_MATCH = YES;
				COPY_PHASE_STRIP = NO;
				DEBUG_INFORMATION_FORMAT = dwarf;
				ENABLE_STRICT_OBJC_MSGSEND = YES;
				ENABLE_TESTABILITY = YES;
				GCC_C_LANGUAGE_STANDARD = gnu11;
				GCC_DYNAMIC_NO_PIC = NO;
				GCC_NO_COMMON_BLOCKS = YES;
				GCC_OPTIMIZATION_LEVEL = 0;
				GCC_PREPROCESSOR_DEFINITIONS = (
					"DEBUG=1",
					"$(inherited)",
				);
				GCC_WARN_64_TO_32_BIT_CONVERSION = YES;
				GCC_WARN_ABOUT_RETURN_TYPE = YES_ERROR;
				GCC_WARN_UNDECLARED_SELECTOR = YES;
				GCC_WARN_UNINITIALIZED_AUTOS = YES_AGGRESSIVE;
				GCC_WARN_UNUSED_FUNCTION = YES;
				GCC_WARN_UNUSED_VARIABLE = YES;
				IPHONEOS_DEPLOYMENT_TARGET = 14.4;
				MTL_ENABLE_DEBUG_INFO = INCLUDE_SOURCE;
				MTL_FAST_MATH = YES;
				ONLY_ACTIVE_ARCH = YES;
				SDKROOT = iphoneos;
				SWIFT_ACTIVE_COMPILATION_CONDITIONS = DEBUG;
				SWIFT_OPTIMIZATION_LEVEL = "-Onone";
			};
			name = Debug;
		};
		0404D60826B3C478008C42BC /* Release */ = {
			isa = XCBuildConfiguration;
			buildSettings = {
				ALWAYS_SEARCH_USER_PATHS = NO;
				CLANG_ANALYZER_NONNULL = YES;
				CLANG_ANALYZER_NUMBER_OBJECT_CONVERSION = YES_AGGRESSIVE;
				CLANG_CXX_LANGUAGE_STANDARD = "gnu++14";
				CLANG_CXX_LIBRARY = "libc++";
				CLANG_ENABLE_MODULES = YES;
				CLANG_ENABLE_OBJC_ARC = YES;
				CLANG_ENABLE_OBJC_WEAK = YES;
				CLANG_WARN_BLOCK_CAPTURE_AUTORELEASING = YES;
				CLANG_WARN_BOOL_CONVERSION = YES;
				CLANG_WARN_COMMA = YES;
				CLANG_WARN_CONSTANT_CONVERSION = YES;
				CLANG_WARN_DEPRECATED_OBJC_IMPLEMENTATIONS = YES;
				CLANG_WARN_DIRECT_OBJC_ISA_USAGE = YES_ERROR;
				CLANG_WARN_DOCUMENTATION_COMMENTS = YES;
				CLANG_WARN_EMPTY_BODY = YES;
				CLANG_WARN_ENUM_CONVERSION = YES;
				CLANG_WARN_INFINITE_RECURSION = YES;
				CLANG_WARN_INT_CONVERSION = YES;
				CLANG_WARN_NON_LITERAL_NULL_CONVERSION = YES;
				CLANG_WARN_OBJC_IMPLICIT_RETAIN_SELF = YES;
				CLANG_WARN_OBJC_LITERAL_CONVERSION = YES;
				CLANG_WARN_OBJC_ROOT_CLASS = YES_ERROR;
				CLANG_WARN_QUOTED_INCLUDE_IN_FRAMEWORK_HEADER = YES;
				CLANG_WARN_RANGE_LOOP_ANALYSIS = YES;
				CLANG_WARN_STRICT_PROTOTYPES = YES;
				CLANG_WARN_SUSPICIOUS_MOVE = YES;
				CLANG_WARN_UNGUARDED_AVAILABILITY = YES_AGGRESSIVE;
				CLANG_WARN_UNREACHABLE_CODE = YES;
				CLANG_WARN__DUPLICATE_METHOD_MATCH = YES;
				COPY_PHASE_STRIP = NO;
				DEBUG_INFORMATION_FORMAT = "dwarf-with-dsym";
				ENABLE_NS_ASSERTIONS = NO;
				ENABLE_STRICT_OBJC_MSGSEND = YES;
				GCC_C_LANGUAGE_STANDARD = gnu11;
				GCC_NO_COMMON_BLOCKS = YES;
				GCC_WARN_64_TO_32_BIT_CONVERSION = YES;
				GCC_WARN_ABOUT_RETURN_TYPE = YES_ERROR;
				GCC_WARN_UNDECLARED_SELECTOR = YES;
				GCC_WARN_UNINITIALIZED_AUTOS = YES_AGGRESSIVE;
				GCC_WARN_UNUSED_FUNCTION = YES;
				GCC_WARN_UNUSED_VARIABLE = YES;
				IPHONEOS_DEPLOYMENT_TARGET = 14.4;
				MTL_ENABLE_DEBUG_INFO = NO;
				MTL_FAST_MATH = YES;
				SDKROOT = iphoneos;
				SWIFT_COMPILATION_MODE = wholemodule;
				SWIFT_OPTIMIZATION_LEVEL = "-O";
				VALIDATE_PRODUCT = YES;
			};
			name = Release;
		};
		0404D60A26B3C478008C42BC /* Debug */ = {
			isa = XCBuildConfiguration;
			baseConfigurationReference = 4A50C1AF3CC303A38EC2407E /* Pods-dogtor.debug.xcconfig */;
			buildSettings = {
				ASSETCATALOG_COMPILER_APPICON_NAME = AppIcon;
				ASSETCATALOG_COMPILER_GLOBAL_ACCENT_COLOR_NAME = AccentColor;
				CODE_SIGN_STYLE = Automatic;
				DEVELOPMENT_TEAM = 2X9S64534Q;
				INFOPLIST_FILE = dogtor/Info.plist;
				LD_RUNPATH_SEARCH_PATHS = (
					"$(inherited)",
					"@executable_path/Frameworks",
				);
				PRODUCT_BUNDLE_IDENTIFIER = com.swiftlec.dogtor;
				PRODUCT_NAME = "$(TARGET_NAME)";
				SWIFT_VERSION = 5.0;
				TARGETED_DEVICE_FAMILY = "1,2";
			};
			name = Debug;
		};
		0404D60B26B3C478008C42BC /* Release */ = {
			isa = XCBuildConfiguration;
			baseConfigurationReference = DCFA21E69F4424F0A7DB38E6 /* Pods-dogtor.release.xcconfig */;
			buildSettings = {
				ASSETCATALOG_COMPILER_APPICON_NAME = AppIcon;
				ASSETCATALOG_COMPILER_GLOBAL_ACCENT_COLOR_NAME = AccentColor;
				CODE_SIGN_STYLE = Automatic;
				DEVELOPMENT_TEAM = 2X9S64534Q;
				INFOPLIST_FILE = dogtor/Info.plist;
				LD_RUNPATH_SEARCH_PATHS = (
					"$(inherited)",
					"@executable_path/Frameworks",
				);
				PRODUCT_BUNDLE_IDENTIFIER = com.swiftlec.dogtor;
				PRODUCT_NAME = "$(TARGET_NAME)";
				SWIFT_VERSION = 5.0;
				TARGETED_DEVICE_FAMILY = "1,2";
			};
			name = Release;
		};
/* End XCBuildConfiguration section */

/* Begin XCConfigurationList section */
		0404D5F026B3C476008C42BC /* Build configuration list for PBXProject "dogtor" */ = {
			isa = XCConfigurationList;
			buildConfigurations = (
				0404D60726B3C478008C42BC /* Debug */,
				0404D60826B3C478008C42BC /* Release */,
			);
			defaultConfigurationIsVisible = 0;
			defaultConfigurationName = Release;
		};
		0404D60926B3C478008C42BC /* Build configuration list for PBXNativeTarget "dogtor" */ = {
			isa = XCConfigurationList;
			buildConfigurations = (
				0404D60A26B3C478008C42BC /* Debug */,
				0404D60B26B3C478008C42BC /* Release */,
			);
			defaultConfigurationIsVisible = 0;
			defaultConfigurationName = Release;
		};
/* End XCConfigurationList section */
	};
	rootObject = 0404D5ED26B3C476008C42BC /* Project object */;
}
